<?xml version="1.0" encoding="utf-8"?>
<Project ToolsVersion="4.0" xmlns="http://schemas.microsoft.com/developer/msbuild/2003">
  <ItemGroup>
    <Filter Include="源文件">
      <UniqueIdentifier>{4FC737F1-C7A5-4376-A066-2A32D752A2FF}</UniqueIdentifier>
      <Extensions>cpp;c;cc;cxx;def;odl;idl;hpj;bat;asm;asmx</Extensions>
    </Filter>
    <Filter Include="头文件">
      <UniqueIdentifier>{93995380-89BD-4b04-88EB-625FBE52EBFB}</UniqueIdentifier>
      <Extensions>h;hh;hpp;hxx;hm;inl;inc;xsd</Extensions>
    </Filter>
    <Filter Include="资源文件">
      <UniqueIdentifier>{67DA6AB6-F800-4c08-8B7A-83BB121AAD01}</UniqueIdentifier>
      <Extensions>rc;ico;cur;bmp;dlg;rc2;rct;bin;rgs;gif;jpg;jpeg;jpe;resx;tiff;tif;png;wav;mfcribbon-ms</Extensions>
    </Filter>
    <Filter Include="UI">
      <UniqueIdentifier>{ea8370fc-4a6e-4190-871b-cf60d5a1e143}</UniqueIdentifier>
    </Filter>
    <Filter Include="QR_Maker">
      <UniqueIdentifier>{47bde469-e9b4-4912-b56c-f2d1f2658d4f}</UniqueIdentifier>
    </Filter>
    <Filter Include="ReedSolomon">
      <UniqueIdentifier>{53b1338c-c239-442d-b7e9-f8b961f15ad6}</UniqueIdentifier>
    </Filter>
  </ItemGroup>
  <ItemGroup>
    <Text Include="ReadMe.txt" />
  </ItemGroup>
  <ItemGroup>
    <ClInclude Include="stdafx.h">
      <Filter>头文件</Filter>
    </ClInclude>
    <ClInclude Include="targetver.h">
      <Filter>头文件</Filter>
    </ClInclude>
    <ClInclude Include="Resource.h">
      <Filter>头文件</Filter>
    </ClInclude>
    <ClInclude Include="CyImage.h">
      <Filter>头文件</Filter>
    </ClInclude>
    <ClInclude Include="ImageViewerDllFuncs.h">
      <Filter>头文件</Filter>
    </ClInclude>
    <ClInclude Include="QrEncodeFuncs.h">
      <Filter>头文件</Filter>
    </ClInclude>
    <ClInclude Include="AfxGlobal.h">
      <Filter>头文件</Filter>
    </ClInclude>
    <ClInclude Include="CodeTransform.h">
      <Filter>头文件</Filter>
    </ClInclude>
    <ClInclude Include="FunctionsUsingMFC.h">
      <Filter>头文件</Filter>
    </ClInclude>
    <ClInclude Include="ImageTransform.h">
      <Filter>头文件</Filter>
    </ClInclude>
    <ClInclude Include="MatrixConvert2Image.h">
      <Filter>头文件</Filter>
    </ClInclude>
    <ClInclude Include="3DCode.h">
      <Filter>UI</Filter>
    </ClInclude>
    <ClInclude Include="3DCodeDoc.h">
      <Filter>UI</Filter>
    </ClInclude>
    <ClInclude Include="3DCodePane.h">
      <Filter>UI</Filter>
    </ClInclude>
    <ClInclude Include="3DCodeView.h">
      <Filter>UI</Filter>
    </ClInclude>
    <ClInclude Include="ChildFrm.h">
      <Filter>UI</Filter>
    </ClInclude>
    <ClInclude Include="DlgQRDecode.h">
      <Filter>UI</Filter>
    </ClInclude>
    <ClInclude Include="DlgMessage.h">
      <Filter>UI</Filter>
    </ClInclude>
    <ClInclude Include="DlgQREncode.h">
      <Filter>UI</Filter>
    </ClInclude>
    <ClInclude Include="EncodeParent.h">
      <Filter>UI</Filter>
    </ClInclude>
    <ClInclude Include="MainFrm.h">
      <Filter>UI</Filter>
    </ClInclude>
    <ClInclude Include="QR_Encode.h">
      <Filter>QR_Maker</Filter>
    </ClInclude>
    <ClInclude Include="reedSolomon.h">
      <Filter>ReedSolomon</Filter>
    </ClInclude>
    <ClInclude Include="primitives.h">
      <Filter>ReedSolomon</Filter>
    </ClInclude>
    <ClInclude Include="DMDecoder.h">
      <Filter>头文件</Filter>
    </ClInclude>
    <ClInclude Include="PDF417Decoder.h">
      <Filter>头文件</Filter>
    </ClInclude>
    <ClInclude Include="AztecDecoder.h">
      <Filter>头文件</Filter>
    </ClInclude>
  </ItemGroup>
  <ItemGroup>
    <ClCompile Include="stdafx.cpp">
      <Filter>源文件</Filter>
    </ClCompile>
    <ClCompile Include="CyImage.cpp">
      <Filter>源文件</Filter>
    </ClCompile>
    <ClCompile Include="QrEncodeFuncs.cpp">
      <Filter>源文件</Filter>
    </ClCompile>
    <ClCompile Include="AfxGlobal.cpp">
      <Filter>源文件</Filter>
    </ClCompile>
    <ClCompile Include="CodeTransform.cpp">
      <Filter>源文件</Filter>
    </ClCompile>
    <ClCompile Include="FunctionsUsingMFC.cpp">
      <Filter>源文件</Filter>
    </ClCompile>
    <ClCompile Include="ImageTransform.cpp">
      <Filter>源文件</Filter>
    </ClCompile>
    <ClCompile Include="MatrixConvert2Image.cpp">
      <Filter>源文件</Filter>
    </ClCompile>
    <ClCompile Include="3DCode.cpp">
      <Filter>UI</Filter>
    </ClCompile>
    <ClCompile Include="3DCodeDoc.cpp">
      <Filter>UI</Filter>
    </ClCompile>
    <ClCompile Include="3DCodePane.cpp">
      <Filter>UI</Filter>
    </ClCompile>
    <ClCompile Include="3DCodeView.cpp">
      <Filter>UI</Filter>
    </ClCompile>
    <ClCompile Include="ChildFrm.cpp">
      <Filter>UI</Filter>
    </ClCompile>
    <ClCompile Include="EncodeParent.cpp">
      <Filter>UI</Filter>
    </ClCompile>
    <ClCompile Include="DlgQREncode.cpp">
      <Filter>UI</Filter>
    </ClCompile>
    <ClCompile Include="DlgQRDecode.cpp">
      <Filter>UI</Filter>
    </ClCompile>
    <ClCompile Include="DlgMessage.cpp">
      <Filter>UI</Filter>
    </ClCompile>
    <ClCompile Include="MainFrm.cpp">
      <Filter>UI</Filter>
    </ClCompile>
    <ClCompile Include="QR_Encode.cpp">
      <Filter>QR_Maker</Filter>
    </ClCompile>
    <ClCompile Include="reedSolomon.cpp">
      <Filter>ReedSolomon</Filter>
    </ClCompile>
    <ClCompile Include="DMDecoder.cpp">
      <Filter>源文件</Filter>
    </ClCompile>
    <ClCompile Include="AztecDecoder.cpp">
      <Filter>源文件</Filter>
    </ClCompile>
    <ClCompile Include="PDF417Decoder.cpp">
      <Filter>源文件</Filter>
    </ClCompile>
  </ItemGroup>
  <ItemGroup>
    <ResourceCompile Include="3DCode.rc">
      <Filter>资源文件</Filter>
    </ResourceCompile>
  </ItemGroup>
  <ItemGroup>
    <Image Include="UserImages.bmp">
      <Filter>资源文件</Filter>
    </Image>
    <Image Include="res\3DCodeDoc.ico">
      <Filter>资源文件</Filter>
    </Image>
    <Image Include="res\3DCode.ico">
      <Filter>资源文件</Filter>
    </Image>
    <Image Include="res\Toolbar.bmp">
      <Filter>资源文件</Filter>
    </Image>
    <Image Include="res\Toolbar256.bmp">
      <Filter>资源文件</Filter>
    </Image>
    <Image Include="res\FlipH.ico">
      <Filter>资源文件</Filter>
    </Image>
    <Image Include="res\FlipV.ico">
      <Filter>资源文件</Filter>
    </Image>
    <Image Include="res\Transpose.ico">
      <Filter>资源文件</Filter>
    </Image>
    <Image Include="res\ZoomDefault.ico">
      <Filter>资源文件</Filter>
    </Image>
    <Image Include="res\ZoomIn.ico">
      <Filter>资源文件</Filter>
    </Image>
    <Image Include="res\ZoomOut.ico">
      <Filter>资源文件</Filter>
    </Image>
  </ItemGroup>
  <ItemGroup>
    <None Include="res\3DCode.rc2">
      <Filter>资源文件</Filter>
    </None>
  </ItemGroup>
</Project>