<?xml version="1.0" encoding="utf-8"?>
<Project ToolsVersion="4.0" xmlns="http://schemas.microsoft.com/developer/msbuild/2003">
  <ItemGroup>
    <Filter Include="源文件">
      <UniqueIdentifier>{4FC737F1-C7A5-4376-A066-2A32D752A2FF}</UniqueIdentifier>
      <Extensions>cpp;c;cc;cxx;def;odl;idl;hpj;bat;asm;asmx</Extensions>
    </Filter>
    <Filter Include="头文件">
      <UniqueIdentifier>{93995380-89BD-4b04-88EB-625FBE52EBFB}</UniqueIdentifier>
      <Extensions>h;hpp;hxx;hm;inl;inc;xsd</Extensions>
    </Filter>
    <Filter Include="资源文件">
      <UniqueIdentifier>{67DA6AB6-F800-4c08-8B7A-83BB121AAD01}</UniqueIdentifier>
      <Extensions>rc;ico;cur;bmp;dlg;rc2;rct;bin;rgs;gif;jpg;jpeg;jpe;resx;tiff;tif;png;wav;mfcribbon-ms</Extensions>
    </Filter>
    <Filter Include="QR_Maker">
      <UniqueIdentifier>{6ce29bf8-7bb8-40d0-94a3-7db52eece424}</UniqueIdentifier>
    </Filter>
    <Filter Include="ColoredQR">
      <UniqueIdentifier>{31c00287-0c78-46fb-889f-d1eab75e6197}</UniqueIdentifier>
    </Filter>
    <Filter Include="ReedSolomon">
      <UniqueIdentifier>{28b526f3-62ce-4c00-b18b-4398746f5ee4}</UniqueIdentifier>
    </Filter>
  </ItemGroup>
  <ItemGroup>
    <ClCompile Include="zxing\qrcode\ErrorCorrectionLevel.cpp">
      <Filter>源文件</Filter>
    </ClCompile>
    <ClCompile Include="zxing\qrcode\FormatInformation.cpp">
      <Filter>源文件</Filter>
    </ClCompile>
    <ClCompile Include="zxing\qrcode\QRCodeReader.cpp">
      <Filter>源文件</Filter>
    </ClCompile>
    <ClCompile Include="zxing\qrcode\Version.cpp">
      <Filter>源文件</Filter>
    </ClCompile>
    <ClCompile Include="zxing\qrcode\decoder\BitMatrixParser.cpp">
      <Filter>源文件</Filter>
    </ClCompile>
    <ClCompile Include="zxing\qrcode\decoder\DataBlock.cpp">
      <Filter>源文件</Filter>
    </ClCompile>
    <ClCompile Include="zxing\qrcode\decoder\DataMask.cpp">
      <Filter>源文件</Filter>
    </ClCompile>
    <ClCompile Include="zxing\qrcode\decoder\DecodedBitStreamParser.cpp">
      <Filter>源文件</Filter>
    </ClCompile>
    <ClCompile Include="zxing\qrcode\decoder\Decoder.cpp">
      <Filter>源文件</Filter>
    </ClCompile>
    <ClCompile Include="zxing\qrcode\decoder\Mode.cpp">
      <Filter>源文件</Filter>
    </ClCompile>
    <ClCompile Include="zxing\qrcode\detector\AlignmentPattern.cpp">
      <Filter>源文件</Filter>
    </ClCompile>
    <ClCompile Include="zxing\qrcode\detector\AlignmentPatternFinder.cpp">
      <Filter>源文件</Filter>
    </ClCompile>
    <ClCompile Include="zxing\qrcode\detector\Detector.cpp">
      <Filter>源文件</Filter>
    </ClCompile>
    <ClCompile Include="zxing\qrcode\detector\FinderPattern.cpp">
      <Filter>源文件</Filter>
    </ClCompile>
    <ClCompile Include="zxing\qrcode\detector\FinderPatternFinder.cpp">
      <Filter>源文件</Filter>
    </ClCompile>
    <ClCompile Include="zxing\qrcode\detector\FinderPatternInfo.cpp">
      <Filter>源文件</Filter>
    </ClCompile>
    <ClCompile Include="zxing\BarcodeFormat.cpp">
      <Filter>源文件</Filter>
    </ClCompile>
    <ClCompile Include="zxing\Binarizer.cpp">
      <Filter>源文件</Filter>
    </ClCompile>
    <ClCompile Include="zxing\BinaryBitmap.cpp">
      <Filter>源文件</Filter>
    </ClCompile>
    <ClCompile Include="zxing\ChecksumException.cpp">
      <Filter>源文件</Filter>
    </ClCompile>
    <ClCompile Include="zxing\DecodeHints.cpp">
      <Filter>源文件</Filter>
    </ClCompile>
    <ClCompile Include="zxing\FormatException.cpp">
      <Filter>源文件</Filter>
    </ClCompile>
    <ClCompile Include="zxing\InvertedLuminanceSource.cpp">
      <Filter>源文件</Filter>
    </ClCompile>
    <ClCompile Include="zxing\LuminanceSource.cpp">
      <Filter>源文件</Filter>
    </ClCompile>
    <ClCompile Include="zxing\Reader.cpp">
      <Filter>源文件</Filter>
    </ClCompile>
    <ClCompile Include="zxing\Result.cpp">
      <Filter>源文件</Filter>
    </ClCompile>
    <ClCompile Include="zxing\ResultPoint.cpp">
      <Filter>源文件</Filter>
    </ClCompile>
    <ClCompile Include="zxing\ResultPointCallback.cpp">
      <Filter>源文件</Filter>
    </ClCompile>
    <ClCompile Include="zxing\common\BitArray.cpp">
      <Filter>源文件</Filter>
    </ClCompile>
    <ClCompile Include="zxing\common\BitMatrix.cpp">
      <Filter>源文件</Filter>
    </ClCompile>
    <ClCompile Include="zxing\common\BitSource.cpp">
      <Filter>源文件</Filter>
    </ClCompile>
    <ClCompile Include="zxing\common\CharacterSetECI.cpp">
      <Filter>源文件</Filter>
    </ClCompile>
    <ClCompile Include="zxing\common\DecoderResult.cpp">
      <Filter>源文件</Filter>
    </ClCompile>
    <ClCompile Include="zxing\common\DetectorResult.cpp">
      <Filter>源文件</Filter>
    </ClCompile>
    <ClCompile Include="zxing\common\GlobalHistogramBinarizer.cpp">
      <Filter>源文件</Filter>
    </ClCompile>
    <ClCompile Include="zxing\common\GridSampler.cpp">
      <Filter>源文件</Filter>
    </ClCompile>
    <ClCompile Include="zxing\common\HybridBinarizer.cpp">
      <Filter>源文件</Filter>
    </ClCompile>
    <ClCompile Include="zxing\common\IllegalArgumentException.cpp">
      <Filter>源文件</Filter>
    </ClCompile>
    <ClCompile Include="zxing\common\PerspectiveTransform.cpp">
      <Filter>源文件</Filter>
    </ClCompile>
    <ClCompile Include="zxing\common\Str.cpp">
      <Filter>源文件</Filter>
    </ClCompile>
    <ClCompile Include="zxing\common\StringUtils.cpp">
      <Filter>源文件</Filter>
    </ClCompile>
    <ClCompile Include="zxing\common\reedsolomon\GenericGF.cpp">
      <Filter>源文件</Filter>
    </ClCompile>
    <ClCompile Include="zxing\common\reedsolomon\GenericGFPoly.cpp">
      <Filter>源文件</Filter>
    </ClCompile>
    <ClCompile Include="zxing\common\reedsolomon\ReedSolomonDecoder.cpp">
      <Filter>源文件</Filter>
    </ClCompile>
    <ClCompile Include="zxing\common\reedsolomon\ReedSolomonException.cpp">
      <Filter>源文件</Filter>
    </ClCompile>
    <ClCompile Include="ZXingTest.cpp">
      <Filter>ColoredQR</Filter>
    </ClCompile>
    <ClCompile Include="ColorsDecode.cpp">
      <Filter>ColoredQR</Filter>
    </ClCompile>
    <ClCompile Include="DataTypes.cpp">
      <Filter>ColoredQR</Filter>
    </ClCompile>
    <ClCompile Include="FileIO.cpp">
      <Filter>ColoredQR</Filter>
    </ClCompile>
    <ClCompile Include="PixelsOperation.cpp">
      <Filter>ColoredQR</Filter>
    </ClCompile>
    <ClCompile Include="RS_ecc.cpp">
      <Filter>ColoredQR</Filter>
    </ClCompile>
    <ClCompile Include="QrDecoder.cpp">
      <Filter>ColoredQR</Filter>
    </ClCompile>
    <ClCompile Include="PerspectTransform.cpp">
      <Filter>ColoredQR</Filter>
    </ClCompile>
    <ClCompile Include="zlibmgr.cpp">
      <Filter>ColoredQR</Filter>
    </ClCompile>
    <ClCompile Include="Decodefuncs.cpp">
      <Filter>ColoredQR</Filter>
    </ClCompile>
    <ClCompile Include="ColorsBase.cpp">
      <Filter>ColoredQR</Filter>
    </ClCompile>
    <ClCompile Include="ColorsEncode.cpp">
      <Filter>ColoredQR</Filter>
    </ClCompile>
    <ClCompile Include="zxing\Exception.cpp">
      <Filter>源文件</Filter>
    </ClCompile>
    <ClCompile Include="ImageReaderSource.cpp">
      <Filter>ColoredQR</Filter>
    </ClCompile>
    <ClCompile Include="reedSolomon.cpp">
      <Filter>ReedSolomon</Filter>
    </ClCompile>
    <ClCompile Include="QR_Encode.cpp">
      <Filter>QR_Maker</Filter>
    </ClCompile>
    <ClCompile Include="ZXingDecoder.cpp">
      <Filter>ColoredQR</Filter>
    </ClCompile>
    <ClCompile Include="OldMask.cpp">
      <Filter>ColoredQR</Filter>
    </ClCompile>
    <ClCompile Include="ImageSrc.cpp">
      <Filter>ColoredQR</Filter>
    </ClCompile>
  </ItemGroup>
  <ItemGroup>
    <ClInclude Include="zxing\qrcode\ErrorCorrectionLevel.h">
      <Filter>头文件</Filter>
    </ClInclude>
    <ClInclude Include="zxing\qrcode\FormatInformation.h">
      <Filter>头文件</Filter>
    </ClInclude>
    <ClInclude Include="zxing\qrcode\QRCodeReader.h">
      <Filter>头文件</Filter>
    </ClInclude>
    <ClInclude Include="zxing\qrcode\Version.h">
      <Filter>头文件</Filter>
    </ClInclude>
    <ClInclude Include="zxing\qrcode\decoder\BitMatrixParser.h">
      <Filter>头文件</Filter>
    </ClInclude>
    <ClInclude Include="zxing\qrcode\decoder\DataBlock.h">
      <Filter>头文件</Filter>
    </ClInclude>
    <ClInclude Include="zxing\qrcode\decoder\DataMask.h">
      <Filter>头文件</Filter>
    </ClInclude>
    <ClInclude Include="zxing\qrcode\decoder\DecodedBitStreamParser.h">
      <Filter>头文件</Filter>
    </ClInclude>
    <ClInclude Include="zxing\qrcode\decoder\Decoder.h">
      <Filter>头文件</Filter>
    </ClInclude>
    <ClInclude Include="zxing\qrcode\decoder\Mode.h">
      <Filter>头文件</Filter>
    </ClInclude>
    <ClInclude Include="zxing\qrcode\detector\AlignmentPattern.h">
      <Filter>头文件</Filter>
    </ClInclude>
    <ClInclude Include="zxing\qrcode\detector\AlignmentPatternFinder.h">
      <Filter>头文件</Filter>
    </ClInclude>
    <ClInclude Include="zxing\qrcode\detector\Detector.h">
      <Filter>头文件</Filter>
    </ClInclude>
    <ClInclude Include="zxing\qrcode\detector\FinderPattern.h">
      <Filter>头文件</Filter>
    </ClInclude>
    <ClInclude Include="zxing\qrcode\detector\FinderPatternFinder.h">
      <Filter>头文件</Filter>
    </ClInclude>
    <ClInclude Include="zxing\qrcode\detector\FinderPatternInfo.h">
      <Filter>头文件</Filter>
    </ClInclude>
    <ClInclude Include="zxing\BarcodeFormat.h">
      <Filter>头文件</Filter>
    </ClInclude>
    <ClInclude Include="zxing\Binarizer.h">
      <Filter>头文件</Filter>
    </ClInclude>
    <ClInclude Include="zxing\BinaryBitmap.h">
      <Filter>头文件</Filter>
    </ClInclude>
    <ClInclude Include="zxing\ChecksumException.h">
      <Filter>头文件</Filter>
    </ClInclude>
    <ClInclude Include="zxing\DecodeHints.h">
      <Filter>头文件</Filter>
    </ClInclude>
    <ClInclude Include="zxing\FormatException.h">
      <Filter>头文件</Filter>
    </ClInclude>
    <ClInclude Include="zxing\IllegalStateException.h">
      <Filter>头文件</Filter>
    </ClInclude>
    <ClInclude Include="zxing\InvertedLuminanceSource.h">
      <Filter>头文件</Filter>
    </ClInclude>
    <ClInclude Include="zxing\LuminanceSource.h">
      <Filter>头文件</Filter>
    </ClInclude>
    <ClInclude Include="zxing\NotFoundException.h">
      <Filter>头文件</Filter>
    </ClInclude>
    <ClInclude Include="zxing\Reader.h">
      <Filter>头文件</Filter>
    </ClInclude>
    <ClInclude Include="zxing\ReaderException.h">
      <Filter>头文件</Filter>
    </ClInclude>
    <ClInclude Include="zxing\Result.h">
      <Filter>头文件</Filter>
    </ClInclude>
    <ClInclude Include="zxing\ResultPoint.h">
      <Filter>头文件</Filter>
    </ClInclude>
    <ClInclude Include="zxing\ResultPointCallback.h">
      <Filter>头文件</Filter>
    </ClInclude>
    <ClInclude Include="zxing\ZXing.h">
      <Filter>头文件</Filter>
    </ClInclude>
    <ClInclude Include="zxing\common\Array.h">
      <Filter>头文件</Filter>
    </ClInclude>
    <ClInclude Include="zxing\common\BitArray.h">
      <Filter>头文件</Filter>
    </ClInclude>
    <ClInclude Include="zxing\common\BitMatrix.h">
      <Filter>头文件</Filter>
    </ClInclude>
    <ClInclude Include="zxing\common\BitSource.h">
      <Filter>头文件</Filter>
    </ClInclude>
    <ClInclude Include="zxing\common\CharacterSetECI.h">
      <Filter>头文件</Filter>
    </ClInclude>
    <ClInclude Include="zxing\common\Counted.h">
      <Filter>头文件</Filter>
    </ClInclude>
    <ClInclude Include="zxing\common\DecoderResult.h">
      <Filter>头文件</Filter>
    </ClInclude>
    <ClInclude Include="zxing\common\DetectorResult.h">
      <Filter>头文件</Filter>
    </ClInclude>
    <ClInclude Include="zxing\common\GlobalHistogramBinarizer.h">
      <Filter>头文件</Filter>
    </ClInclude>
    <ClInclude Include="zxing\common\GridSampler.h">
      <Filter>头文件</Filter>
    </ClInclude>
    <ClInclude Include="zxing\common\HybridBinarizer.h">
      <Filter>头文件</Filter>
    </ClInclude>
    <ClInclude Include="zxing\common\IllegalArgumentException.h">
      <Filter>头文件</Filter>
    </ClInclude>
    <ClInclude Include="zxing\common\PerspectiveTransform.h">
      <Filter>头文件</Filter>
    </ClInclude>
    <ClInclude Include="zxing\common\Str.h">
      <Filter>头文件</Filter>
    </ClInclude>
    <ClInclude Include="zxing\common\StringUtils.h">
      <Filter>头文件</Filter>
    </ClInclude>
    <ClInclude Include="zxing\common\detector\MathUtils.h">
      <Filter>头文件</Filter>
    </ClInclude>
    <ClInclude Include="zxing\common\reedsolomon\GenericGF.h">
      <Filter>头文件</Filter>
    </ClInclude>
    <ClInclude Include="zxing\common\reedsolomon\GenericGFPoly.h">
      <Filter>头文件</Filter>
    </ClInclude>
    <ClInclude Include="zxing\common\reedsolomon\ReedSolomonDecoder.h">
      <Filter>头文件</Filter>
    </ClInclude>
    <ClInclude Include="zxing\common\reedsolomon\ReedSolomonException.h">
      <Filter>头文件</Filter>
    </ClInclude>
    <ClInclude Include="ColorsDecode.h">
      <Filter>ColoredQR</Filter>
    </ClInclude>
    <ClInclude Include="DataTypes.h">
      <Filter>ColoredQR</Filter>
    </ClInclude>
    <ClInclude Include="FileIO.h">
      <Filter>ColoredQR</Filter>
    </ClInclude>
    <ClInclude Include="PixelsOperation.h">
      <Filter>ColoredQR</Filter>
    </ClInclude>
    <ClInclude Include="RS_ecc.h">
      <Filter>ColoredQR</Filter>
    </ClInclude>
    <ClInclude Include="QrDecoder.h">
      <Filter>ColoredQR</Filter>
    </ClInclude>
    <ClInclude Include="PerspectTransform.h">
      <Filter>ColoredQR</Filter>
    </ClInclude>
    <ClInclude Include="templateFuncs.h">
      <Filter>ColoredQR</Filter>
    </ClInclude>
    <ClInclude Include="zlibmgr.h">
      <Filter>ColoredQR</Filter>
    </ClInclude>
    <ClInclude Include="ColorsMask.h">
      <Filter>ColoredQR</Filter>
    </ClInclude>
    <ClInclude Include="medianBlur.h">
      <Filter>ColoredQR</Filter>
    </ClInclude>
    <ClInclude Include="DecodeFuncs.h">
      <Filter>ColoredQR</Filter>
    </ClInclude>
    <ClInclude Include="ColorsBase.h">
      <Filter>ColoredQR</Filter>
    </ClInclude>
    <ClInclude Include="ColorsEncode.h">
      <Filter>ColoredQR</Filter>
    </ClInclude>
    <ClInclude Include="zxing\Exception.h">
      <Filter>头文件</Filter>
    </ClInclude>
    <ClInclude Include="ImageReaderSource.h">
      <Filter>ColoredQR</Filter>
    </ClInclude>
    <ClInclude Include="reedSolomon.h">
      <Filter>ReedSolomon</Filter>
    </ClInclude>
    <ClInclude Include="primitives.h">
      <Filter>ReedSolomon</Filter>
    </ClInclude>
    <ClInclude Include="QR_Encode.h">
      <Filter>QR_Maker</Filter>
    </ClInclude>
    <ClInclude Include="MedianFilter.h">
      <Filter>ColoredQR</Filter>
    </ClInclude>
    <ClInclude Include="Transform.h">
      <Filter>ColoredQR</Filter>
    </ClInclude>
    <ClInclude Include="K_Means.h">
      <Filter>ColoredQR</Filter>
    </ClInclude>
    <ClInclude Include="ZXingDecoder.h">
      <Filter>ColoredQR</Filter>
    </ClInclude>
    <ClInclude Include="OldMask.h">
      <Filter>ColoredQR</Filter>
    </ClInclude>
    <ClInclude Include="ImageSrc.h">
      <Filter>ColoredQR</Filter>
    </ClInclude>
  </ItemGroup>
</Project>